{
  "originHash" : "2b9429c0e52243e61ea3c816543f92c473c050f02569fb3023aadf5b47702f5d",
  "pins" : [
    {
      "identity" : "caaudiohardware",
      "kind" : "remoteSourceControl",
      "location" : "https://github.com/sbooth/CAAudioHardware",
      "state" : {
        "revision" : "d927963dcfbb819da6ed6f17b83f17ffbc689280",
        "version" : "0.7.1"
      }
    },
    {
      "identity" : "coreaudioextensions",
      "kind" : "remoteSourceControl",
      "location" : "https://github.com/sbooth/CoreAudioExtensions",
      "state" : {
        "revision" : "632e715abbb22baa2cb5b939f1fd432045aa1c6a",
        "version" : "0.4.0"
      }
    }
  ],
  "version" : 3
}
